<?xml version="1.0" encoding="utf-8"?>
<Project ToolsVersion="4.0" xmlns="http://schemas.microsoft.com/developer/msbuild/2003">
  <ItemGroup>
    <ClCompile Include="Bat.cpp" />
    <ClCompile Include="BG.cpp" />
    <ClCompile Include="Bone.cpp" />
    <ClCompile Include="BossJafar.cpp" />
    <ClCompile Include="BossSnake.cpp" />
    <ClCompile Include="Camera.cpp" />
    <ClCompile Include="CheckPoint.cpp" />
    <ClCompile Include="debug.cpp" />
    <ClCompile Include="define.cpp" />
    <ClCompile Include="Dumbbell.cpp" />
    <ClCompile Include="Effect.cpp" />
    <ClCompile Include="Fire.cpp" />
    <ClCompile Include="FireBullet.cpp" />
    <ClCompile Include="Game.cpp" />
    <ClCompile Include="GameObject.cpp" />
    <ClCompile Include="GenieFace.cpp" />
    <ClCompile Include="GenieJar.cpp" />
    <ClCompile Include="Grid.cpp" />
    <ClCompile Include="Ground.cpp" />
    <ClCompile Include="Item.cpp" />
    <ClCompile Include="ItemApple.cpp" />
    <ClCompile Include="ItemHeart.cpp" />
    <ClCompile Include="ItemSpend.cpp" />
    <ClCompile Include="JafarBullet.cpp" />
    <ClCompile Include="ObjectTile.cpp" />
    <ClCompile Include="Rock.cpp" />
    <ClCompile Include="Rope.cpp" />
    <ClCompile Include="Apple.cpp" />
    <ClCompile Include="Pillar.cpp" />
    <ClCompile Include="Map.cpp" />
    <ClCompile Include="Aladdin.cpp" />
    <ClCompile Include="Skeleton.cpp" />
    <ClCompile Include="Soldier.cpp" />
    <ClCompile Include="Source.cpp" />
    <ClCompile Include="Spike.cpp" />
    <ClCompile Include="Sprites.cpp" />
    <ClCompile Include="Stars.cpp" />
    <ClCompile Include="Textures.cpp" />
    <ClCompile Include="Weapon.cpp" />
    <ClCompile Include="Zombie.cpp" />
    <ClCompile Include="Sound.cpp" />
  </ItemGroup>
  <ItemGroup>
    <ClInclude Include="Bat.h" />
    <ClInclude Include="BG.h" />
    <ClInclude Include="Bone.h" />
    <ClInclude Include="BossJafar.h" />
    <ClInclude Include="BossSnake.h" />
    <ClInclude Include="Camera.h" />
    <ClInclude Include="CheckPoint.h" />
    <ClInclude Include="debug.h" />
    <ClInclude Include="define.h" />
    <ClInclude Include="Dumbbell.h" />
    <ClInclude Include="Effect.h" />
    <ClInclude Include="Fire.h" />
    <ClInclude Include="FireBullet.h" />
    <ClInclude Include="Game.h" />
    <ClInclude Include="GameObject.h" />
    <ClInclude Include="GenieFace.h" />
    <ClInclude Include="GenieJar.h" />
    <ClInclude Include="Grid.h" />
    <ClInclude Include="Ground.h" />
    <ClInclude Include="Item.h" />
    <ClInclude Include="ItemApple.h" />
    <ClInclude Include="ItemHeart.h" />
    <ClInclude Include="ItemSpend.h" />
    <ClInclude Include="JafarBullet.h" />
    <ClInclude Include="ObjectTile.h" />
    <ClInclude Include="Rock.h" />
    <ClInclude Include="Rope.h" />
    <ClInclude Include="Apple.h" />
    <ClInclude Include="Pillar.h" />
    <ClInclude Include="Map.h" />
    <ClInclude Include="Aladdin.h" />
    <ClInclude Include="Skeleton.h" />
    <ClInclude Include="Soldier.h" />
    <ClInclude Include="Spike.h" />
    <ClInclude Include="Sprites.h" />
    <ClInclude Include="Stars.h" />
    <ClInclude Include="Textures.h" />
    <ClInclude Include="Weapon.h" />
    <ClInclude Include="Zombie.h" />
    <ClInclude Include="Sound.h" />
  </ItemGroup>
</Project>